
Microsoft Visual Studio Solution File, Format Version 12.00
# Visual Studio 15
Project("{FAE04EC0-301F-11D3-BF4B-00C04F79EFBC}") = "Assembly-CSharp-Editor", "Assembly-CSharp-Editor.csproj", "{660458E1-8E06-544A-FBC4-5910D87E0236}"
EndProject
Project("{FAE04EC0-301F-11D3-BF4B-00C04F79EFBC}") = "Assembly-CSharp", "Assembly-CSharp.csproj", "{BB60C490-6E86-460F-1847-97BCD6689D48}"
EndProject
Global
	GlobalSection(SolutionConfigurationPlatforms) = preSolution
		Debug|Any CPU = Debug|Any CPU
		Release|Any CPU = Release|Any CPU
	EndGlobalSection
	GlobalSection(ProjectConfigurationPlatforms) = postSolution
		{660458E1-8E06-544A-FBC4-5910D87E0236}.Debug|Any CPU.ActiveCfg = Debug|Any CPU
		{660458E1-8E06-544A-FBC4-5910D87E0236}.Debug|Any CPU.Build.0 = Debug|Any CPU
		{660458E1-8E06-544A-FBC4-5910D87E0236}.Release|Any CPU.ActiveCfg = Release|Any CPU
		{660458E1-8E06-544A-FBC4-5910D87E0236}.Release|Any CPU.Build.0 = Release|Any CPU
		{BB60C490-6E86-460F-1847-97BCD6689D48}.Debug|Any CPU.ActiveCfg = Debug|Any CPU
		{BB60C490-6E86-460F-1847-97BCD6689D48}.Debug|Any CPU.Build.0 = Debug|Any CPU
		{BB60C490-6E86-460F-1847-97BCD6689D48}.Release|Any CPU.ActiveCfg = Release|Any CPU
		{BB60C490-6E86-460F-1847-97BCD6689D48}.Release|Any CPU.Build.0 = Release|Any CPU
	EndGlobalSection
	GlobalSection(SolutionProperties) = preSolution
		HideSolutionNode = FALSE
	EndGlobalSection
EndGlobal
